
Microsoft Visual Studio Solution File, Format Version 12.00
# Visual Studio Version 17
VisualStudioVersion = 17.5.33530.505
MinimumVisualStudioVersion = 10.0.40219.1
Project("{FAE04EC0-301F-11D3-BF4B-00C04F79EFBC}") = "kanbankası", "kanbankası\kanbankası.csproj", "{1C028A3C-153B-464E-AA79-7FBAA5D490DB}"
EndProject
Global
	GlobalSection(SolutionConfigurationPlatforms) = preSolution
		Debug|Any CPU = Debug|Any CPU
		Release|Any CPU = Release|Any CPU
	EndGlobalSection
	GlobalSection(ProjectConfigurationPlatforms) = postSolution
		{1C028A3C-153B-464E-AA79-7FBAA5D490DB}.Debug|Any CPU.ActiveCfg = Debug|Any CPU
		{1C028A3C-153B-464E-AA79-7FBAA5D490DB}.Debug|Any CPU.Build.0 = Debug|Any CPU
		{1C028A3C-153B-464E-AA79-7FBAA5D490DB}.Release|Any CPU.ActiveCfg = Release|Any CPU
		{1C028A3C-153B-464E-AA79-7FBAA5D490DB}.Release|Any CPU.Build.0 = Release|Any CPU
	EndGlobalSection
	GlobalSection(SolutionProperties) = preSolution
		HideSolutionNode = FALSE
	EndGlobalSection
	GlobalSection(ExtensibilityGlobals) = postSolution
		SolutionGuid = {B04197CF-9E1F-4ABB-BC63-5F3CBAA8203C}
	EndGlobalSection
EndGlobal
